# This file is autogenerated, do not edit; changes may be undone by the next 'dep ensure'.


[[projects]]
  branch = "master"
  name = "github.com/google/skylark"
  packages = ["syntax"]
  revision = "a0e5de7e63b47e716cca7226662a4c95d47bf873"

[[projects]]
  name = "github.com/pelletier/go-toml"
  packages = ["."]
  revision = "acdc4509485b587f5e675510c4f2c63e90ff68a8"
  version = "v1.1.0"

[solve-meta]
  analyzer-name = "dep"
  analyzer-version = 1
  inputs-digest = "9bcb0dcb1a61d0e6e803887519b9236786eb302590fa91079e5cece47fbd1b65"
  solver-name = "gps-cdcl"
  solver-version = 1
